
Microsoft Visual Studio Solution File, Format Version 12.00
# Visual Studio Version 16
VisualStudioVersion = 16.0.29806.167
MinimumVisualStudioVersion = 10.0.40219.1
Project("{FAE04EC0-301F-11D3-BF4B-00C04F79EFBC}") = "Taxonomy_Fungal", "Taxonomy_Fungal.csproj", "{62081DD1-20DF-47C3-B29A-3451636008E7}"
EndProject
Global
	GlobalSection(SolutionConfigurationPlatforms) = preSolution
		Debug|Any CPU = Debug|Any CPU
		Release|Any CPU = Release|Any CPU
	EndGlobalSection
	GlobalSection(ProjectConfigurationPlatforms) = postSolution
		{62081DD1-20DF-47C3-B29A-3451636008E7}.Debug|Any CPU.ActiveCfg = Debug|Any CPU
		{62081DD1-20DF-47C3-B29A-3451636008E7}.Debug|Any CPU.Build.0 = Debug|Any CPU
		{62081DD1-20DF-47C3-B29A-3451636008E7}.Release|Any CPU.ActiveCfg = Release|Any CPU
		{62081DD1-20DF-47C3-B29A-3451636008E7}.Release|Any CPU.Build.0 = Release|Any CPU
	EndGlobalSection
	GlobalSection(SolutionProperties) = preSolution
		HideSolutionNode = FALSE
	EndGlobalSection
	GlobalSection(ExtensibilityGlobals) = postSolution
		SolutionGuid = {93AD3ECC-CB60-47D7-919A-D3E75930BC78}
	EndGlobalSection
EndGlobal
